// !$*UTF8*$!
{
	archiveVersion = 1;
	classes = {
	};
	objectVersion = 46;
	objects = {

/* Begin PBXBuildFile section */
		0D6F18181DAEDF1700A75014 /* GymStatistics.swift in Sources */ = {isa = PBXBuildFile; fileRef = 0D6F18171DAEDF1700A75014 /* GymStatistics.swift */; };
		0D8C0AB71DAD8E260033FEF3 /* Constants.swift in Sources */ = {isa = PBXBuildFile; fileRef = 0D8C0AB61DAD8E260033FEF3 /* Constants.swift */; };
		0D8C0AC01DAD98440033FEF3 /* Scraping.swift in Sources */ = {isa = PBXBuildFile; fileRef = 0D8C0ABF1DAD98440033FEF3 /* Scraping.swift */; };
		0D8C0AC21DAD98560033FEF3 /* Parsing.swift in Sources */ = {isa = PBXBuildFile; fileRef = 0D8C0AC11DAD98560033FEF3 /* Parsing.swift */; };
		0DD7A5D71D9D205700C572B0 /* Alamofire.framework in Frameworks */ = {isa = PBXBuildFile; fileRef = 0DD7A5CA1D9D1F8A00C572B0 /* Alamofire.framework */; };
		0DD7A5D81D9D205700C572B0 /* Alamofire.framework in Embed Frameworks */ = {isa = PBXBuildFile; fileRef = 0DD7A5CA1D9D1F8A00C572B0 /* Alamofire.framework */; settings = {ATTRIBUTES = (CodeSignOnCopy, RemoveHeadersOnCopy, ); }; };
		6AC6E8AD9DB1977BFA609C19 /* Pods_UpcomingMetalShows.framework in Frameworks */ = {isa = PBXBuildFile; fileRef = BC8A77F8587F27F9D9688C8A /* Pods_UpcomingMetalShows.framework */; };
		E0DA3A871D5E707700E639E9 /* AppDelegate.swift in Sources */ = {isa = PBXBuildFile; fileRef = E0DA3A861D5E707700E639E9 /* AppDelegate.swift */; };
		E0DA3A891D5E707700E639E9 /* ViewController.swift in Sources */ = {isa = PBXBuildFile; fileRef = E0DA3A881D5E707700E639E9 /* ViewController.swift */; };
		E0DA3A8C1D5E707700E639E9 /* Main.storyboard in Resources */ = {isa = PBXBuildFile; fileRef = E0DA3A8A1D5E707700E639E9 /* Main.storyboard */; };
		E0DA3A8E1D5E707700E639E9 /* Assets.xcassets in Resources */ = {isa = PBXBuildFile; fileRef = E0DA3A8D1D5E707700E639E9 /* Assets.xcassets */; };
		E0DA3A911D5E707700E639E9 /* LaunchScreen.storyboard in Resources */ = {isa = PBXBuildFile; fileRef = E0DA3A8F1D5E707700E639E9 /* LaunchScreen.storyboard */; };
/* End PBXBuildFile section */

/* Begin PBXContainerItemProxy section */
		0DD7A5C91D9D1F8A00C572B0 /* PBXContainerItemProxy */ = {
			isa = PBXContainerItemProxy;
			containerPortal = 0DD7A5BE1D9D1F8A00C572B0 /* Alamofire.xcodeproj */;
			proxyType = 2;
			remoteGlobalIDString = F8111E3319A95C8B0040E7D1;
			remoteInfo = "Alamofire iOS";
		};
		0DD7A5CB1D9D1F8A00C572B0 /* PBXContainerItemProxy */ = {
			isa = PBXContainerItemProxy;
			containerPortal = 0DD7A5BE1D9D1F8A00C572B0 /* Alamofire.xcodeproj */;
			proxyType = 2;
			remoteGlobalIDString = F8111E3E19A95C8B0040E7D1;
			remoteInfo = "Alamofire iOS Tests";
		};
		0DD7A5CD1D9D1F8A00C572B0 /* PBXContainerItemProxy */ = {
			isa = PBXContainerItemProxy;
			containerPortal = 0DD7A5BE1D9D1F8A00C572B0 /* Alamofire.xcodeproj */;
			proxyType = 2;
			remoteGlobalIDString = 4DD67C0B1A5C55C900ED2280;
			remoteInfo = "Alamofire macOS";
		};
		0DD7A5CF1D9D1F8A00C572B0 /* PBXContainerItemProxy */ = {
			isa = PBXContainerItemProxy;
			containerPortal = 0DD7A5BE1D9D1F8A00C572B0 /* Alamofire.xcodeproj */;
			proxyType = 2;
			remoteGlobalIDString = F829C6B21A7A94F100A2CD59;
			remoteInfo = "Alamofire macOS Tests";
		};
		0DD7A5D11D9D1F8A00C572B0 /* PBXContainerItemProxy */ = {
			isa = PBXContainerItemProxy;
			containerPortal = 0DD7A5BE1D9D1F8A00C572B0 /* Alamofire.xcodeproj */;
			proxyType = 2;
			remoteGlobalIDString = 4CF626EF1BA7CB3E0011A099;
			remoteInfo = "Alamofire tvOS";
		};
		0DD7A5D31D9D1F8A00C572B0 /* PBXContainerItemProxy */ = {
			isa = PBXContainerItemProxy;
			containerPortal = 0DD7A5BE1D9D1F8A00C572B0 /* Alamofire.xcodeproj */;
			proxyType = 2;
			remoteGlobalIDString = 4CF626F81BA7CB3E0011A099;
			remoteInfo = "Alamofire tvOS Tests";
		};
		0DD7A5D51D9D1F8A00C572B0 /* PBXContainerItemProxy */ = {
			isa = PBXContainerItemProxy;
			containerPortal = 0DD7A5BE1D9D1F8A00C572B0 /* Alamofire.xcodeproj */;
			proxyType = 2;
			remoteGlobalIDString = E4202FE01B667AA100C997FB;
			remoteInfo = "Alamofire watchOS";
		};
		0DD7A5D91D9D205700C572B0 /* PBXContainerItemProxy */ = {
			isa = PBXContainerItemProxy;
			containerPortal = 0DD7A5BE1D9D1F8A00C572B0 /* Alamofire.xcodeproj */;
			proxyType = 1;
			remoteGlobalIDString = F8111E3219A95C8B0040E7D1;
			remoteInfo = "Alamofire iOS";
		};
/* End PBXContainerItemProxy section */

/* Begin PBXCopyFilesBuildPhase section */
		0DD7A5DB1D9D205700C572B0 /* Embed Frameworks */ = {
			isa = PBXCopyFilesBuildPhase;
			buildActionMask = 2147483647;
			dstPath = "";
			dstSubfolderSpec = 10;
			files = (
				0DD7A5D81D9D205700C572B0 /* Alamofire.framework in Embed Frameworks */,
			);
			name = "Embed Frameworks";
			runOnlyForDeploymentPostprocessing = 0;
		};
/* End PBXCopyFilesBuildPhase section */

/* Begin PBXFileReference section */
		0D6F18171DAEDF1700A75014 /* GymStatistics.swift */ = {isa = PBXFileReference; fileEncoding = 4; lastKnownFileType = sourcecode.swift; path = GymStatistics.swift; sourceTree = "<group>"; };
		0D8C0AB61DAD8E260033FEF3 /* Constants.swift */ = {isa = PBXFileReference; fileEncoding = 4; lastKnownFileType = sourcecode.swift; path = Constants.swift; sourceTree = "<group>"; };
		0D8C0ABF1DAD98440033FEF3 /* Scraping.swift */ = {isa = PBXFileReference; fileEncoding = 4; lastKnownFileType = sourcecode.swift; path = Scraping.swift; sourceTree = "<group>"; };
		0D8C0AC11DAD98560033FEF3 /* Parsing.swift */ = {isa = PBXFileReference; fileEncoding = 4; lastKnownFileType = sourcecode.swift; path = Parsing.swift; sourceTree = "<group>"; };
		0DD7A5BE1D9D1F8A00C572B0 /* Alamofire.xcodeproj */ = {isa = PBXFileReference; lastKnownFileType = "wrapper.pb-project"; name = Alamofire.xcodeproj; path = Alamofire/Alamofire.xcodeproj; sourceTree = "<group>"; };
		0DD7A5EF1D9D23E200C572B0 /* UpcomingMetalShows-Bridging-Header.h */ = {isa = PBXFileReference; fileEncoding = 4; lastKnownFileType = sourcecode.c.h; path = "UpcomingMetalShows-Bridging-Header.h"; sourceTree = "<group>"; };
		372E0C2D206662ED30763F5F /* Pods-UpcomingMetalShows.debug.xcconfig */ = {isa = PBXFileReference; includeInIndex = 1; lastKnownFileType = text.xcconfig; name = "Pods-UpcomingMetalShows.debug.xcconfig"; path = "Pods/Target Support Files/Pods-UpcomingMetalShows/Pods-UpcomingMetalShows.debug.xcconfig"; sourceTree = "<group>"; };
		BC8A77F8587F27F9D9688C8A /* Pods_UpcomingMetalShows.framework */ = {isa = PBXFileReference; explicitFileType = wrapper.framework; includeInIndex = 0; path = Pods_UpcomingMetalShows.framework; sourceTree = BUILT_PRODUCTS_DIR; };
		D59BCC4A686AB065003352EF /* Pods-UpcomingMetalShows.release.xcconfig */ = {isa = PBXFileReference; includeInIndex = 1; lastKnownFileType = text.xcconfig; name = "Pods-UpcomingMetalShows.release.xcconfig"; path = "Pods/Target Support Files/Pods-UpcomingMetalShows/Pods-UpcomingMetalShows.release.xcconfig"; sourceTree = "<group>"; };
		E0DA3A831D5E707700E639E9 /* UpcomingMetalShows.app */ = {isa = PBXFileReference; explicitFileType = wrapper.application; includeInIndex = 0; path = UpcomingMetalShows.app; sourceTree = BUILT_PRODUCTS_DIR; };
		E0DA3A861D5E707700E639E9 /* AppDelegate.swift */ = {isa = PBXFileReference; lastKnownFileType = sourcecode.swift; path = AppDelegate.swift; sourceTree = "<group>"; };
		E0DA3A881D5E707700E639E9 /* ViewController.swift */ = {isa = PBXFileReference; lastKnownFileType = sourcecode.swift; path = ViewController.swift; sourceTree = "<group>"; };
		E0DA3A8B1D5E707700E639E9 /* Base */ = {isa = PBXFileReference; lastKnownFileType = file.storyboard; name = Base; path = Base.lproj/Main.storyboard; sourceTree = "<group>"; };
		E0DA3A8D1D5E707700E639E9 /* Assets.xcassets */ = {isa = PBXFileReference; lastKnownFileType = folder.assetcatalog; path = Assets.xcassets; sourceTree = "<group>"; };
		E0DA3A901D5E707700E639E9 /* Base */ = {isa = PBXFileReference; lastKnownFileType = file.storyboard; name = Base; path = Base.lproj/LaunchScreen.storyboard; sourceTree = "<group>"; };
		E0DA3A921D5E707700E639E9 /* Info.plist */ = {isa = PBXFileReference; lastKnownFileType = text.plist.xml; path = Info.plist; sourceTree = "<group>"; };
/* End PBXFileReference section */

/* Begin PBXFrameworksBuildPhase section */
		E0DA3A801D5E707700E639E9 /* Frameworks */ = {
			isa = PBXFrameworksBuildPhase;
			buildActionMask = 2147483647;
			files = (
				0DD7A5D71D9D205700C572B0 /* Alamofire.framework in Frameworks */,
				6AC6E8AD9DB1977BFA609C19 /* Pods_UpcomingMetalShows.framework in Frameworks */,
			);
			runOnlyForDeploymentPostprocessing = 0;
		};
/* End PBXFrameworksBuildPhase section */

/* Begin PBXGroup section */
		0DD7A5BF1D9D1F8A00C572B0 /* Products */ = {
			isa = PBXGroup;
			children = (
				0DD7A5CA1D9D1F8A00C572B0 /* Alamofire.framework */,
				0DD7A5CC1D9D1F8A00C572B0 /* Alamofire iOS Tests.xctest */,
				0DD7A5CE1D9D1F8A00C572B0 /* Alamofire.framework */,
				0DD7A5D01D9D1F8A00C572B0 /* Alamofire macOS Tests.xctest */,
				0DD7A5D21D9D1F8A00C572B0 /* Alamofire.framework */,
				0DD7A5D41D9D1F8A00C572B0 /* Alamofire tvOS Tests.xctest */,
				0DD7A5D61D9D1F8A00C572B0 /* Alamofire.framework */,
			);
			name = Products;
			sourceTree = "<group>";
		};
		8A87FA146BA651F06233CCD1 /* Frameworks */ = {
			isa = PBXGroup;
			children = (
				BC8A77F8587F27F9D9688C8A /* Pods_UpcomingMetalShows.framework */,
			);
			name = Frameworks;
			sourceTree = "<group>";
		};
		D5F69F5DEED4DBABED7E713D /* Pods */ = {
			isa = PBXGroup;
			children = (
				372E0C2D206662ED30763F5F /* Pods-UpcomingMetalShows.debug.xcconfig */,
				D59BCC4A686AB065003352EF /* Pods-UpcomingMetalShows.release.xcconfig */,
			);
			name = Pods;
			sourceTree = "<group>";
		};
		E0DA3A7A1D5E707700E639E9 = {
			isa = PBXGroup;
			children = (
				0DD7A5BE1D9D1F8A00C572B0 /* Alamofire.xcodeproj */,
				E0DA3A851D5E707700E639E9 /* UpcomingMetalShows */,
				E0DA3A841D5E707700E639E9 /* Products */,
				D5F69F5DEED4DBABED7E713D /* Pods */,
				8A87FA146BA651F06233CCD1 /* Frameworks */,
			);
			sourceTree = "<group>";
		};
		E0DA3A841D5E707700E639E9 /* Products */ = {
			isa = PBXGroup;
			children = (
				E0DA3A831D5E707700E639E9 /* UpcomingMetalShows.app */,
			);
			name = Products;
			sourceTree = "<group>";
		};
		E0DA3A851D5E707700E639E9 /* UpcomingMetalShows */ = {
			isa = PBXGroup;
			children = (
				0D8C0AB61DAD8E260033FEF3 /* Constants.swift */,
				0D6F18171DAEDF1700A75014 /* GymStatistics.swift */,
				0D8C0ABF1DAD98440033FEF3 /* Scraping.swift */,
				0D8C0AC11DAD98560033FEF3 /* Parsing.swift */,
				E0DA3A861D5E707700E639E9 /* AppDelegate.swift */,
				E0DA3A881D5E707700E639E9 /* ViewController.swift */,
				E0DA3A8A1D5E707700E639E9 /* Main.storyboard */,
				E0DA3A8D1D5E707700E639E9 /* Assets.xcassets */,
				E0DA3A8F1D5E707700E639E9 /* LaunchScreen.storyboard */,
				E0DA3A921D5E707700E639E9 /* Info.plist */,
				0DD7A5EF1D9D23E200C572B0 /* UpcomingMetalShows-Bridging-Header.h */,
			);
			path = UpcomingMetalShows;
			sourceTree = "<group>";
		};
/* End PBXGroup section */

/* Begin PBXNativeTarget section */
		E0DA3A821D5E707700E639E9 /* UpcomingMetalShows */ = {
			isa = PBXNativeTarget;
			buildConfigurationList = E0DA3A951D5E707700E639E9 /* Build configuration list for PBXNativeTarget "UpcomingMetalShows" */;
			buildPhases = (
				440763406659EF2E39F95C80 /* Check Pods Manifest.lock */,
				E0DA3A7F1D5E707700E639E9 /* Sources */,
				E0DA3A801D5E707700E639E9 /* Frameworks */,
				E0DA3A811D5E707700E639E9 /* Resources */,
				0DD7A5DB1D9D205700C572B0 /* Embed Frameworks */,
				D3F0F68062150655ED04B36A /* Embed Pods Frameworks */,
				DB8A2547B625417D592DDA7B /* Copy Pods Resources */,
			);
			buildRules = (
			);
			dependencies = (
				0DD7A5DA1D9D205700C572B0 /* PBXTargetDependency */,
			);
			name = UpcomingMetalShows;
			productName = UpcomingMetalShows;
			productReference = E0DA3A831D5E707700E639E9 /* UpcomingMetalShows.app */;
			productType = "com.apple.product-type.application";
		};
/* End PBXNativeTarget section */

/* Begin PBXProject section */
		E0DA3A7B1D5E707700E639E9 /* Project object */ = {
			isa = PBXProject;
			attributes = {
				LastSwiftUpdateCheck = 0730;
				LastUpgradeCheck = 0730;
				ORGANIZATIONNAME = "Sam Agnew";
				TargetAttributes = {
					E0DA3A821D5E707700E639E9 = {
						CreatedOnToolsVersion = 7.3;
						DevelopmentTeam = G56E73BFHN;
						LastSwiftMigration = 0800;
					};
				};
			};
			buildConfigurationList = E0DA3A7E1D5E707700E639E9 /* Build configuration list for PBXProject "UpcomingMetalShows" */;
			compatibilityVersion = "Xcode 3.2";
			developmentRegion = English;
			hasScannedForEncodings = 0;
			knownRegions = (
				en,
				Base,
			);
			mainGroup = E0DA3A7A1D5E707700E639E9;
			productRefGroup = E0DA3A841D5E707700E639E9 /* Products */;
			projectDirPath = "";
			projectReferences = (
				{
					ProductGroup = 0DD7A5BF1D9D1F8A00C572B0 /* Products */;
					ProjectRef = 0DD7A5BE1D9D1F8A00C572B0 /* Alamofire.xcodeproj */;
				},
			);
			projectRoot = "";
			targets = (
				E0DA3A821D5E707700E639E9 /* UpcomingMetalShows */,
			);
		};
/* End PBXProject section */

/* Begin PBXReferenceProxy section */
		0DD7A5CA1D9D1F8A00C572B0 /* Alamofire.framework */ = {
			isa = PBXReferenceProxy;
			fileType = wrapper.framework;
			path = Alamofire.framework;
			remoteRef = 0DD7A5C91D9D1F8A00C572B0 /* PBXContainerItemProxy */;
			sourceTree = BUILT_PRODUCTS_DIR;
		};
		0DD7A5CC1D9D1F8A00C572B0 /* Alamofire iOS Tests.xctest */ = {
			isa = PBXReferenceProxy;
			fileType = wrapper.cfbundle;
			path = "Alamofire iOS Tests.xctest";
			remoteRef = 0DD7A5CB1D9D1F8A00C572B0 /* PBXContainerItemProxy */;
			sourceTree = BUILT_PRODUCTS_DIR;
		};
		0DD7A5CE1D9D1F8A00C572B0 /* Alamofire.framework */ = {
			isa = PBXReferenceProxy;
			fileType = wrapper.framework;
			path = Alamofire.framework;
			remoteRef = 0DD7A5CD1D9D1F8A00C572B0 /* PBXContainerItemProxy */;
			sourceTree = BUILT_PRODUCTS_DIR;
		};
		0DD7A5D01D9D1F8A00C572B0 /* Alamofire macOS Tests.xctest */ = {
			isa = PBXReferenceProxy;
			fileType = wrapper.cfbundle;
			path = "Alamofire macOS Tests.xctest";
			remoteRef = 0DD7A5CF1D9D1F8A00C572B0 /* PBXContainerItemProxy */;
			sourceTree = BUILT_PRODUCTS_DIR;
		};
		0DD7A5D21D9D1F8A00C572B0 /* Alamofire.framework */ = {
			isa = PBXReferenceProxy;
			fileType = wrapper.framework;
			path = Alamofire.framework;
			remoteRef = 0DD7A5D11D9D1F8A00C572B0 /* PBXContainerItemProxy */;
			sourceTree = BUILT_PRODUCTS_DIR;
		};
		0DD7A5D41D9D1F8A00C572B0 /* Alamofire tvOS Tests.xctest */ = {
			isa = PBXReferenceProxy;
			fileType = wrapper.cfbundle;
			path = "Alamofire tvOS Tests.xctest";
			remoteRef = 0DD7A5D31D9D1F8A00C572B0 /* PBXContainerItemProxy */;
			sourceTree = BUILT_PRODUCTS_DIR;
		};
		0DD7A5D61D9D1F8A00C572B0 /* Alamofire.framework */ = {
			isa = PBXReferenceProxy;
			fileType = wrapper.framework;
			path = Alamofire.framework;
			remoteRef = 0DD7A5D51D9D1F8A00C572B0 /* PBXContainerItemProxy */;
			sourceTree = BUILT_PRODUCTS_DIR;
		};
/* End PBXReferenceProxy section */

/* Begin PBXResourcesBuildPhase section */
		E0DA3A811D5E707700E639E9 /* Resources */ = {
			isa = PBXResourcesBuildPhase;
			buildActionMask = 2147483647;
			files = (
				E0DA3A911D5E707700E639E9 /* LaunchScreen.storyboard in Resources */,
				E0DA3A8E1D5E707700E639E9 /* Assets.xcassets in Resources */,
				E0DA3A8C1D5E707700E639E9 /* Main.storyboard in Resources */,
			);
			runOnlyForDeploymentPostprocessing = 0;
		};
/* End PBXResourcesBuildPhase section */

/* Begin PBXShellScriptBuildPhase section */
		440763406659EF2E39F95C80 /* Check Pods Manifest.lock */ = {
			isa = PBXShellScriptBuildPhase;
			buildActionMask = 2147483647;
			files = (
			);
			inputPaths = (
			);
			name = "Check Pods Manifest.lock";
			outputPaths = (
			);
			runOnlyForDeploymentPostprocessing = 0;
			shellPath = /bin/sh;
			shellScript = "diff \"${PODS_ROOT}/../Podfile.lock\" \"${PODS_ROOT}/Manifest.lock\" > /dev/null\nif [[ $? != 0 ]] ; then\n    cat << EOM\nerror: The sandbox is not in sync with the Podfile.lock. Run 'pod install' or update your CocoaPods installation.\nEOM\n    exit 1\nfi\n";
			showEnvVarsInLog = 0;
		};
		D3F0F68062150655ED04B36A /* Embed Pods Frameworks */ = {
			isa = PBXShellScriptBuildPhase;
			buildActionMask = 2147483647;
			files = (
			);
			inputPaths = (
			);
			name = "Embed Pods Frameworks";
			outputPaths = (
			);
			runOnlyForDeploymentPostprocessing = 0;
			shellPath = /bin/sh;
			shellScript = "\"${SRCROOT}/Pods/Target Support Files/Pods-UpcomingMetalShows/Pods-UpcomingMetalShows-frameworks.sh\"\n";
			showEnvVarsInLog = 0;
		};
		DB8A2547B625417D592DDA7B /* Copy Pods Resources */ = {
			isa = PBXShellScriptBuildPhase;
			buildActionMask = 2147483647;
			files = (
			);
			inputPaths = (
			);
			name = "Copy Pods Resources";
			outputPaths = (
			);
			runOnlyForDeploymentPostprocessing = 0;
			shellPath = /bin/sh;
			shellScript = "\"${SRCROOT}/Pods/Target Support Files/Pods-UpcomingMetalShows/Pods-UpcomingMetalShows-resources.sh\"\n";
			showEnvVarsInLog = 0;
		};
/* End PBXShellScriptBuildPhase section */

/* Begin PBXSourcesBuildPhase section */
		E0DA3A7F1D5E707700E639E9 /* Sources */ = {
			isa = PBXSourcesBuildPhase;
			buildActionMask = 2147483647;
			files = (
				0D8C0AC01DAD98440033FEF3 /* Scraping.swift in Sources */,
				0D8C0AC21DAD98560033FEF3 /* Parsing.swift in Sources */,
				E0DA3A891D5E707700E639E9 /* ViewController.swift in Sources */,
				E0DA3A871D5E707700E639E9 /* AppDelegate.swift in Sources */,
				0D6F18181DAEDF1700A75014 /* GymStatistics.swift in Sources */,
				0D8C0AB71DAD8E260033FEF3 /* Constants.swift in Sources */,
			);
			runOnlyForDeploymentPostprocessing = 0;
		};
/* End PBXSourcesBuildPhase section */

/* Begin PBXTargetDependency section */
		0DD7A5DA1D9D205700C572B0 /* PBXTargetDependency */ = {
			isa = PBXTargetDependency;
			name = "Alamofire iOS";
			targetProxy = 0DD7A5D91D9D205700C572B0 /* PBXContainerItemProxy */;
		};
/* End PBXTargetDependency section */

/* Begin PBXVariantGroup section */
		E0DA3A8A1D5E707700E639E9 /* Main.storyboard */ = {
			isa = PBXVariantGroup;
			children = (
				E0DA3A8B1D5E707700E639E9 /* Base */,
			);
			name = Main.storyboard;
			sourceTree = "<group>";
		};
		E0DA3A8F1D5E707700E639E9 /* LaunchScreen.storyboard */ = {
			isa = PBXVariantGroup;
			children = (
				E0DA3A901D5E707700E639E9 /* Base */,
			);
			name = LaunchScreen.storyboard;
			sourceTree = "<group>";
		};
/* End PBXVariantGroup section */

/* Begin XCBuildConfiguration section */
		E0DA3A931D5E707700E639E9 /* Debug */ = {
			isa = XCBuildConfiguration;
			buildSettings = {
				ALWAYS_SEARCH_USER_PATHS = NO;
				CLANG_ANALYZER_NONNULL = YES;
				CLANG_CXX_LANGUAGE_STANDARD = "gnu++0x";
				CLANG_CXX_LIBRARY = "libc++";
				CLANG_ENABLE_MODULES = YES;
				CLANG_ENABLE_OBJC_ARC = YES;
				CLANG_WARN_BOOL_CONVERSION = YES;
				CLANG_WARN_CONSTANT_CONVERSION = YES;
				CLANG_WARN_DIRECT_OBJC_ISA_USAGE = YES_ERROR;
				CLANG_WARN_EMPTY_BODY = YES;
				CLANG_WARN_ENUM_CONVERSION = YES;
				CLANG_WARN_INT_CONVERSION = YES;
				CLANG_WARN_OBJC_ROOT_CLASS = YES_ERROR;
				CLANG_WARN_UNREACHABLE_CODE = YES;
				CLANG_WARN__DUPLICATE_METHOD_MATCH = YES;
				"CODE_SIGN_IDENTITY[sdk=iphoneos*]" = "iPhone Developer";
				COPY_PHASE_STRIP = NO;
				DEBUG_INFORMATION_FORMAT = dwarf;
				ENABLE_STRICT_OBJC_MSGSEND = YES;
				ENABLE_TESTABILITY = YES;
				GCC_C_LANGUAGE_STANDARD = gnu99;
				GCC_DYNAMIC_NO_PIC = NO;
				GCC_NO_COMMON_BLOCKS = YES;
				GCC_OPTIMIZATION_LEVEL = 0;
				GCC_PREPROCESSOR_DEFINITIONS = (
					"DEBUG=1",
					"$(inherited)",
				);
				GCC_WARN_64_TO_32_BIT_CONVERSION = YES;
				GCC_WARN_ABOUT_RETURN_TYPE = YES_ERROR;
				GCC_WARN_UNDECLARED_SELECTOR = YES;
				GCC_WARN_UNINITIALIZED_AUTOS = YES_AGGRESSIVE;
				GCC_WARN_UNUSED_FUNCTION = YES;
				GCC_WARN_UNUSED_VARIABLE = YES;
				IPHONEOS_DEPLOYMENT_TARGET = 9.3;
				MTL_ENABLE_DEBUG_INFO = YES;
				ONLY_ACTIVE_ARCH = YES;
				SDKROOT = iphoneos;
				SWIFT_OPTIMIZATION_LEVEL = "-Onone";
				TARGETED_DEVICE_FAMILY = "1,2";
			};
			name = Debug;
		};
		E0DA3A941D5E707700E639E9 /* Release */ = {
			isa = XCBuildConfiguration;
			buildSettings = {
				ALWAYS_SEARCH_USER_PATHS = NO;
				CLANG_ANALYZER_NONNULL = YES;
				CLANG_CXX_LANGUAGE_STANDARD = "gnu++0x";
				CLANG_CXX_LIBRARY = "libc++";
				CLANG_ENABLE_MODULES = YES;
				CLANG_ENABLE_OBJC_ARC = YES;
				CLANG_WARN_BOOL_CONVERSION = YES;
				CLANG_WARN_CONSTANT_CONVERSION = YES;
				CLANG_WARN_DIRECT_OBJC_ISA_USAGE = YES_ERROR;
				CLANG_WARN_EMPTY_BODY = YES;
				CLANG_WARN_ENUM_CONVERSION = YES;
				CLANG_WARN_INT_CONVERSION = YES;
				CLANG_WARN_OBJC_ROOT_CLASS = YES_ERROR;
				CLANG_WARN_UNREACHABLE_CODE = YES;
				CLANG_WARN__DUPLICATE_METHOD_MATCH = YES;
				"CODE_SIGN_IDENTITY[sdk=iphoneos*]" = "iPhone Developer";
				COPY_PHASE_STRIP = NO;
				DEBUG_INFORMATION_FORMAT = "dwarf-with-dsym";
				ENABLE_NS_ASSERTIONS = NO;
				ENABLE_STRICT_OBJC_MSGSEND = YES;
				GCC_C_LANGUAGE_STANDARD = gnu99;
				GCC_NO_COMMON_BLOCKS = YES;
				GCC_WARN_64_TO_32_BIT_CONVERSION = YES;
				GCC_WARN_ABOUT_RETURN_TYPE = YES_ERROR;
				GCC_WARN_UNDECLARED_SELECTOR = YES;
				GCC_WARN_UNINITIALIZED_AUTOS = YES_AGGRESSIVE;
				GCC_WARN_UNUSED_FUNCTION = YES;
				GCC_WARN_UNUSED_VARIABLE = YES;
				IPHONEOS_DEPLOYMENT_TARGET = 9.3;
				MTL_ENABLE_DEBUG_INFO = NO;
				SDKROOT = iphoneos;
				TARGETED_DEVICE_FAMILY = "1,2";
				VALIDATE_PRODUCT = YES;
			};
			name = Release;
		};
		E0DA3A961D5E707700E639E9 /* Debug */ = {
			isa = XCBuildConfiguration;
			baseConfigurationReference = 372E0C2D206662ED30763F5F /* Pods-UpcomingMetalShows.debug.xcconfig */;
			buildSettings = {
				ALWAYS_EMBED_SWIFT_STANDARD_LIBRARIES = YES;
				ASSETCATALOG_COMPILER_APPICON_NAME = AppIcon;
				DEVELOPMENT_TEAM = G56E73BFHN;
				INFOPLIST_FILE = UpcomingMetalShows/Info.plist;
				LD_RUNPATH_SEARCH_PATHS = "$(inherited) @executable_path/Frameworks";
				OTHER_LDFLAGS = "-lxml2";
				PRODUCT_BUNDLE_IDENTIFIER = com.bignerdranch.UpcomingMetalShows;
				PRODUCT_NAME = "$(TARGET_NAME)";
				SWIFT_VERSION = 3.0;
			};
			name = Debug;
		};
		E0DA3A971D5E707700E639E9 /* Release */ = {
			isa = XCBuildConfiguration;
			baseConfigurationReference = D59BCC4A686AB065003352EF /* Pods-UpcomingMetalShows.release.xcconfig */;
			buildSettings = {
				ALWAYS_EMBED_SWIFT_STANDARD_LIBRARIES = YES;
				ASSETCATALOG_COMPILER_APPICON_NAME = AppIcon;
				DEVELOPMENT_TEAM = G56E73BFHN;
				INFOPLIST_FILE = UpcomingMetalShows/Info.plist;
				LD_RUNPATH_SEARCH_PATHS = "$(inherited) @executable_path/Frameworks";
				OTHER_LDFLAGS = "-lxml2";
				PRODUCT_BUNDLE_IDENTIFIER = com.bignerdranch.UpcomingMetalShows;
				PRODUCT_NAME = "$(TARGET_NAME)";
				SWIFT_VERSION = 3.0;
			};
			name = Release;
		};
/* End XCBuildConfiguration section */

/* Begin XCConfigurationList section */
		E0DA3A7E1D5E707700E639E9 /* Build configuration list for PBXProject "UpcomingMetalShows" */ = {
			isa = XCConfigurationList;
			buildConfigurations = (
				E0DA3A931D5E707700E639E9 /* Debug */,
				E0DA3A941D5E707700E639E9 /* Release */,
			);
			defaultConfigurationIsVisible = 0;
			defaultConfigurationName = Release;
		};
		E0DA3A951D5E707700E639E9 /* Build configuration list for PBXNativeTarget "UpcomingMetalShows" */ = {
			isa = XCConfigurationList;
			buildConfigurations = (
				E0DA3A961D5E707700E639E9 /* Debug */,
				E0DA3A971D5E707700E639E9 /* Release */,
			);
			defaultConfigurationIsVisible = 0;
			defaultConfigurationName = Release;
		};
/* End XCConfigurationList section */
	};
	rootObject = E0DA3A7B1D5E707700E639E9 /* Project object */;
}
